// !$*UTF8*$!
{
	archiveVersion = 1;
	classes = {
	};
	objectVersion = 56;
	objects = {

/* Begin PBXBuildFile section */
		063FE1B42EA6B65D00CB28D9 /* UIButton + Extension.swift in Sources */ = {isa = PBXBuildFile; fileRef = 063FE1B32EA6B65D00CB28D9 /* UIButton + Extension.swift */; };
		063FE1B62EA6BAB300CB28D9 /* UIFont + Extension.swift in Sources */ = {isa = PBXBuildFile; fileRef = 063FE1B52EA6BAB300CB28D9 /* UIFont + Extension.swift */; };
		063FE1B82EA6BD5800CB28D9 /* UIColor + Extension.swift in Sources */ = {isa = PBXBuildFile; fileRef = 063FE1B72EA6BD5800CB28D9 /* UIColor + Extension.swift */; };
		063FE1BA2EA6C34000CB28D9 /* UILabel + Extension.swift in Sources */ = {isa = PBXBuildFile; fileRef = 063FE1B92EA6C34000CB28D9 /* UILabel + Extension.swift */; };
		063FE1BD2EA6C5BC00CB28D9 /* UIImageView + extension.swift in Sources */ = {isa = PBXBuildFile; fileRef = 063FE1BC2EA6C5BC00CB28D9 /* UIImageView + extension.swift */; };
		063FE1BF2EA6CF3C00CB28D9 /* ButtonFormView.swift in Sources */ = {isa = PBXBuildFile; fileRef = 063FE1BE2EA6CF3C00CB28D9 /* ButtonFormView.swift */; };
		063FE1C22EA6E36100CB28D9 /* UIStackView + Extension.swift in Sources */ = {isa = PBXBuildFile; fileRef = 063FE1C12EA6E36000CB28D9 /* UIStackView + Extension.swift */; };
		063FE1C42EA8017300CB28D9 /* SignUpViewController.swift in Sources */ = {isa = PBXBuildFile; fileRef = 063FE1C32EA8017300CB28D9 /* SignUpViewController.swift */; };
		063FE1C72EA8058900CB28D9 /* OneLineTextField.swift in Sources */ = {isa = PBXBuildFile; fileRef = 063FE1C62EA8058900CB28D9 /* OneLineTextField.swift */; };
		063FE1CB2EAAAC6C00CB28D9 /* LoginViewController.swift in Sources */ = {isa = PBXBuildFile; fileRef = 063FE1CA2EAAAC6C00CB28D9 /* LoginViewController.swift */; };
		063FE1CD2EAAB3C200CB28D9 /* SetupProfileViewController.swift in Sources */ = {isa = PBXBuildFile; fileRef = 063FE1CC2EAAB3C200CB28D9 /* SetupProfileViewController.swift */; };
		063FE1CF2EAAC61600CB28D9 /* AddPhotoView.swift in Sources */ = {isa = PBXBuildFile; fileRef = 063FE1CE2EAAC61600CB28D9 /* AddPhotoView.swift */; };
		063FE1D12EABE90C00CB28D9 /* SegmentedControl + Extension.swift in Sources */ = {isa = PBXBuildFile; fileRef = 063FE1D02EABE90B00CB28D9 /* SegmentedControl + Extension.swift */; };
		063FE1D32EAD3EC000CB28D9 /* ListViewController.swift in Sources */ = {isa = PBXBuildFile; fileRef = 063FE1D22EAD3EC000CB28D9 /* ListViewController.swift */; };
		06554A442EA2CF3700810E3D /* AppDelegate.swift in Sources */ = {isa = PBXBuildFile; fileRef = 06554A432EA2CF3700810E3D /* AppDelegate.swift */; };
		06554A462EA2CF3700810E3D /* SceneDelegate.swift in Sources */ = {isa = PBXBuildFile; fileRef = 06554A452EA2CF3700810E3D /* SceneDelegate.swift */; };
		06554A482EA2CF3700810E3D /* AuthViewController.swift in Sources */ = {isa = PBXBuildFile; fileRef = 06554A472EA2CF3700810E3D /* AuthViewController.swift */; };
		06554A4D2EA2CF3E00810E3D /* Assets.xcassets in Resources */ = {isa = PBXBuildFile; fileRef = 06554A4C2EA2CF3E00810E3D /* Assets.xcassets */; };
		06554A502EA2CF3E00810E3D /* LaunchScreen.storyboard in Resources */ = {isa = PBXBuildFile; fileRef = 06554A4E2EA2CF3E00810E3D /* LaunchScreen.storyboard */; };
		0661E9F32EB539480031DB61 /* ActiveChatCell.swift in Sources */ = {isa = PBXBuildFile; fileRef = 0661E9F22EB539480031DB61 /* ActiveChatCell.swift */; };
		0661E9F62EB91E370031DB61 /* GradientView.swift in Sources */ = {isa = PBXBuildFile; fileRef = 0661E9F52EB91E360031DB61 /* GradientView.swift */; };
		0661E9F82EB92C6C0031DB61 /* WaitingChatCell.swift in Sources */ = {isa = PBXBuildFile; fileRef = 0661E9F72EB92C6C0031DB61 /* WaitingChatCell.swift */; };
		0661E9FA2EB92E130031DB61 /* SelfConfigureCell.swift in Sources */ = {isa = PBXBuildFile; fileRef = 0661E9F92EB92E130031DB61 /* SelfConfigureCell.swift */; };
		0661E9FD2EB933430031DB61 /* SectionHeader.swift in Sources */ = {isa = PBXBuildFile; fileRef = 0661E9FC2EB933430031DB61 /* SectionHeader.swift */; };
		0661E9FF2EBBBF890031DB61 /* users.json in Resources */ = {isa = PBXBuildFile; fileRef = 0661E9FE2EBBBF880031DB61 /* users.json */; };
		0661EA022EBBC1040031DB61 /* MUser.swift in Sources */ = {isa = PBXBuildFile; fileRef = 0661EA012EBBC1040031DB61 /* MUser.swift */; };
		0661EA042EBBC1190031DB61 /* MChat.swift in Sources */ = {isa = PBXBuildFile; fileRef = 0661EA032EBBC1190031DB61 /* MChat.swift */; };
		069D30682EC3AF7E008C4DA2 /* UserCell.swift in Sources */ = {isa = PBXBuildFile; fileRef = 069D30672EC3AF7E008C4DA2 /* UserCell.swift */; };
		069D306A2EC3B3AA008C4DA2 /* UIViewController + Extension.swift in Sources */ = {isa = PBXBuildFile; fileRef = 069D30692EC3B3AA008C4DA2 /* UIViewController + Extension.swift */; };
		06C6AE672F1E95F000A31E8F /* ProfileViewController.swift in Sources */ = {isa = PBXBuildFile; fileRef = 06C6AE662F1E95F000A31E8F /* ProfileViewController.swift */; };
		06C6AE692F1FF98900A31E8F /* InsertableTextField.swift in Sources */ = {isa = PBXBuildFile; fileRef = 06C6AE682F1FF98900A31E8F /* InsertableTextField.swift */; };
		06C6AE6B2F20008700A31E8F /* UIView + Extensions.swift in Sources */ = {isa = PBXBuildFile; fileRef = 06C6AE6A2F20008700A31E8F /* UIView + Extensions.swift */; };
		06C6AE6D2F2158CD00A31E8F /* ChatRequestViewController.swift in Sources */ = {isa = PBXBuildFile; fileRef = 06C6AE6C2F2158CD00A31E8F /* ChatRequestViewController.swift */; };
		06C6AE6F2F27EEB200A31E8F /* GoogleService-Info.plist in Resources */ = {isa = PBXBuildFile; fileRef = 06C6AE6E2F27EEB100A31E8F /* GoogleService-Info.plist */; };
		06C6AE722F27F19800A31E8F /* FirebaseAnalytics in Frameworks */ = {isa = PBXBuildFile; productRef = 06C6AE712F27F19800A31E8F /* FirebaseAnalytics */; };
		06C6AE742F27F19800A31E8F /* FirebaseAuth in Frameworks */ = {isa = PBXBuildFile; productRef = 06C6AE732F27F19800A31E8F /* FirebaseAuth */; };
		06ED804D2EAD447400434D60 /* MainTabbarController.swift in Sources */ = {isa = PBXBuildFile; fileRef = 06ED804C2EAD447400434D60 /* MainTabbarController.swift */; };
		06ED804F2EAD44E200434D60 /* PeopleViewController.swift in Sources */ = {isa = PBXBuildFile; fileRef = 06ED804E2EAD44E200434D60 /* PeopleViewController.swift */; };
		06ED80522EB137F000434D60 /* activeChats.json in Resources */ = {isa = PBXBuildFile; fileRef = 06ED80502EB137EE00434D60 /* activeChats.json */; };
		06ED80532EB137F000434D60 /* waitingChats.json in Resources */ = {isa = PBXBuildFile; fileRef = 06ED80512EB137F000434D60 /* waitingChats.json */; };
		06ED80552EB1385D00434D60 /* Bundle + Decodable.swift in Sources */ = {isa = PBXBuildFile; fileRef = 06ED80542EB1385D00434D60 /* Bundle + Decodable.swift */; };
/* End PBXBuildFile section */

/* Begin PBXFileReference section */
		063FE1B32EA6B65D00CB28D9 /* UIButton + Extension.swift */ = {isa = PBXFileReference; lastKnownFileType = sourcecode.swift; path = "UIButton + Extension.swift"; sourceTree = "<group>"; };
		063FE1B52EA6BAB300CB28D9 /* UIFont + Extension.swift */ = {isa = PBXFileReference; lastKnownFileType = sourcecode.swift; path = "UIFont + Extension.swift"; sourceTree = "<group>"; };
		063FE1B72EA6BD5800CB28D9 /* UIColor + Extension.swift */ = {isa = PBXFileReference; lastKnownFileType = sourcecode.swift; path = "UIColor + Extension.swift"; sourceTree = "<group>"; };
		063FE1B92EA6C34000CB28D9 /* UILabel + Extension.swift */ = {isa = PBXFileReference; lastKnownFileType = sourcecode.swift; path = "UILabel + Extension.swift"; sourceTree = "<group>"; };
		063FE1BC2EA6C5BC00CB28D9 /* UIImageView + extension.swift */ = {isa = PBXFileReference; lastKnownFileType = sourcecode.swift; path = "UIImageView + extension.swift"; sourceTree = "<group>"; };
		063FE1BE2EA6CF3C00CB28D9 /* ButtonFormView.swift */ = {isa = PBXFileReference; lastKnownFileType = sourcecode.swift; path = ButtonFormView.swift; sourceTree = "<group>"; };
		063FE1C12EA6E36000CB28D9 /* UIStackView + Extension.swift */ = {isa = PBXFileReference; lastKnownFileType = sourcecode.swift; path = "UIStackView + Extension.swift"; sourceTree = "<group>"; };
		063FE1C32EA8017300CB28D9 /* SignUpViewController.swift */ = {isa = PBXFileReference; lastKnownFileType = sourcecode.swift; path = SignUpViewController.swift; sourceTree = "<group>"; };
		063FE1C62EA8058900CB28D9 /* OneLineTextField.swift */ = {isa = PBXFileReference; lastKnownFileType = sourcecode.swift; path = OneLineTextField.swift; sourceTree = "<group>"; };
		063FE1CA2EAAAC6C00CB28D9 /* LoginViewController.swift */ = {isa = PBXFileReference; lastKnownFileType = sourcecode.swift; path = LoginViewController.swift; sourceTree = "<group>"; };
		063FE1CC2EAAB3C200CB28D9 /* SetupProfileViewController.swift */ = {isa = PBXFileReference; lastKnownFileType = sourcecode.swift; path = SetupProfileViewController.swift; sourceTree = "<group>"; };
		063FE1CE2EAAC61600CB28D9 /* AddPhotoView.swift */ = {isa = PBXFileReference; lastKnownFileType = sourcecode.swift; path = AddPhotoView.swift; sourceTree = "<group>"; };
		063FE1D02EABE90B00CB28D9 /* SegmentedControl + Extension.swift */ = {isa = PBXFileReference; lastKnownFileType = sourcecode.swift; path = "SegmentedControl + Extension.swift"; sourceTree = "<group>"; };
		063FE1D22EAD3EC000CB28D9 /* ListViewController.swift */ = {isa = PBXFileReference; lastKnownFileType = sourcecode.swift; path = ListViewController.swift; sourceTree = "<group>"; };
		06554A402EA2CF3700810E3D /* IChat.app */ = {isa = PBXFileReference; explicitFileType = wrapper.application; includeInIndex = 0; path = IChat.app; sourceTree = BUILT_PRODUCTS_DIR; };
		06554A432EA2CF3700810E3D /* AppDelegate.swift */ = {isa = PBXFileReference; lastKnownFileType = sourcecode.swift; path = AppDelegate.swift; sourceTree = "<group>"; };
		06554A452EA2CF3700810E3D /* SceneDelegate.swift */ = {isa = PBXFileReference; lastKnownFileType = sourcecode.swift; path = SceneDelegate.swift; sourceTree = "<group>"; };
		06554A472EA2CF3700810E3D /* AuthViewController.swift */ = {isa = PBXFileReference; lastKnownFileType = sourcecode.swift; path = AuthViewController.swift; sourceTree = "<group>"; };
		06554A4C2EA2CF3E00810E3D /* Assets.xcassets */ = {isa = PBXFileReference; lastKnownFileType = folder.assetcatalog; path = Assets.xcassets; sourceTree = "<group>"; };
		06554A4F2EA2CF3E00810E3D /* Base */ = {isa = PBXFileReference; lastKnownFileType = file.storyboard; name = Base; path = Base.lproj/LaunchScreen.storyboard; sourceTree = "<group>"; };
		06554A512EA2CF3F00810E3D /* Info.plist */ = {isa = PBXFileReference; lastKnownFileType = text.plist.xml; path = Info.plist; sourceTree = "<group>"; };
		0661E9F22EB539480031DB61 /* ActiveChatCell.swift */ = {isa = PBXFileReference; lastKnownFileType = sourcecode.swift; path = ActiveChatCell.swift; sourceTree = "<group>"; };
		0661E9F52EB91E360031DB61 /* GradientView.swift */ = {isa = PBXFileReference; lastKnownFileType = sourcecode.swift; path = GradientView.swift; sourceTree = "<group>"; };
		0661E9F72EB92C6C0031DB61 /* WaitingChatCell.swift */ = {isa = PBXFileReference; lastKnownFileType = sourcecode.swift; path = WaitingChatCell.swift; sourceTree = "<group>"; };
		0661E9F92EB92E130031DB61 /* SelfConfigureCell.swift */ = {isa = PBXFileReference; lastKnownFileType = sourcecode.swift; path = SelfConfigureCell.swift; sourceTree = "<group>"; };
		0661E9FC2EB933430031DB61 /* SectionHeader.swift */ = {isa = PBXFileReference; lastKnownFileType = sourcecode.swift; path = SectionHeader.swift; sourceTree = "<group>"; };
		0661E9FE2EBBBF880031DB61 /* users.json */ = {isa = PBXFileReference; fileEncoding = 4; lastKnownFileType = text.json; path = users.json; sourceTree = "<group>"; };
		0661EA012EBBC1040031DB61 /* MUser.swift */ = {isa = PBXFileReference; lastKnownFileType = sourcecode.swift; path = MUser.swift; sourceTree = "<group>"; };
		0661EA032EBBC1190031DB61 /* MChat.swift */ = {isa = PBXFileReference; lastKnownFileType = sourcecode.swift; path = MChat.swift; sourceTree = "<group>"; };
		069D30672EC3AF7E008C4DA2 /* UserCell.swift */ = {isa = PBXFileReference; lastKnownFileType = sourcecode.swift; path = UserCell.swift; sourceTree = "<group>"; };
		069D30692EC3B3AA008C4DA2 /* UIViewController + Extension.swift */ = {isa = PBXFileReference; lastKnownFileType = sourcecode.swift; path = "UIViewController + Extension.swift"; sourceTree = "<group>"; };
		06C6AE662F1E95F000A31E8F /* ProfileViewController.swift */ = {isa = PBXFileReference; lastKnownFileType = sourcecode.swift; path = ProfileViewController.swift; sourceTree = "<group>"; };
		06C6AE682F1FF98900A31E8F /* InsertableTextField.swift */ = {isa = PBXFileReference; lastKnownFileType = sourcecode.swift; path = InsertableTextField.swift; sourceTree = "<group>"; };
		06C6AE6A2F20008700A31E8F /* UIView + Extensions.swift */ = {isa = PBXFileReference; lastKnownFileType = sourcecode.swift; path = "UIView + Extensions.swift"; sourceTree = "<group>"; };
		06C6AE6C2F2158CD00A31E8F /* ChatRequestViewController.swift */ = {isa = PBXFileReference; lastKnownFileType = sourcecode.swift; path = ChatRequestViewController.swift; sourceTree = "<group>"; };
		06C6AE6E2F27EEB100A31E8F /* GoogleService-Info.plist */ = {isa = PBXFileReference; fileEncoding = 4; lastKnownFileType = text.plist.xml; path = "GoogleService-Info.plist"; sourceTree = "<group>"; };
		06ED804C2EAD447400434D60 /* MainTabbarController.swift */ = {isa = PBXFileReference; lastKnownFileType = sourcecode.swift; path = MainTabbarController.swift; sourceTree = "<group>"; };
		06ED804E2EAD44E200434D60 /* PeopleViewController.swift */ = {isa = PBXFileReference; lastKnownFileType = sourcecode.swift; path = PeopleViewController.swift; sourceTree = "<group>"; };
		06ED80502EB137EE00434D60 /* activeChats.json */ = {isa = PBXFileReference; fileEncoding = 4; lastKnownFileType = text.json; path = activeChats.json; sourceTree = "<group>"; };
		06ED80512EB137F000434D60 /* waitingChats.json */ = {isa = PBXFileReference; fileEncoding = 4; lastKnownFileType = text.json; path = waitingChats.json; sourceTree = "<group>"; };
		06ED80542EB1385D00434D60 /* Bundle + Decodable.swift */ = {isa = PBXFileReference; lastKnownFileType = sourcecode.swift; path = "Bundle + Decodable.swift"; sourceTree = "<group>"; };
/* End PBXFileReference section */

/* Begin PBXFrameworksBuildPhase section */
		06554A3D2EA2CF3700810E3D /* Frameworks */ = {
			isa = PBXFrameworksBuildPhase;
			buildActionMask = 2147483647;
			files = (
				06C6AE722F27F19800A31E8F /* FirebaseAnalytics in Frameworks */,
				06C6AE742F27F19800A31E8F /* FirebaseAuth in Frameworks */,
			);
			runOnlyForDeploymentPostprocessing = 0;
		};
/* End PBXFrameworksBuildPhase section */

/* Begin PBXGroup section */
		063FE1BB2EA6C35100CB28D9 /* Helpers */ = {
			isa = PBXGroup;
			children = (
				0661E9FE2EBBBF880031DB61 /* users.json */,
				06ED80502EB137EE00434D60 /* activeChats.json */,
				06ED80512EB137F000434D60 /* waitingChats.json */,
				063FE1C52EA8056800CB28D9 /* CustomViews */,
				069D306B2EC6439D008C4DA2 /* UIKit */,
			);
			path = Helpers;
			sourceTree = "<group>";
		};
		063FE1C02EA6CF4200CB28D9 /* AuthVC */ = {
			isa = PBXGroup;
			children = (
				06554A472EA2CF3700810E3D /* AuthViewController.swift */,
				063FE1C32EA8017300CB28D9 /* SignUpViewController.swift */,
				063FE1CA2EAAAC6C00CB28D9 /* LoginViewController.swift */,
				063FE1CC2EAAB3C200CB28D9 /* SetupProfileViewController.swift */,
			);
			path = AuthVC;
			sourceTree = "<group>";
		};
		063FE1C52EA8056800CB28D9 /* CustomViews */ = {
			isa = PBXGroup;
			children = (
				063FE1BE2EA6CF3C00CB28D9 /* ButtonFormView.swift */,
				063FE1C62EA8058900CB28D9 /* OneLineTextField.swift */,
				063FE1CE2EAAC61600CB28D9 /* AddPhotoView.swift */,
				0661E9F52EB91E360031DB61 /* GradientView.swift */,
				06C6AE682F1FF98900A31E8F /* InsertableTextField.swift */,
			);
			path = CustomViews;
			sourceTree = "<group>";
		};
		06554A372EA2CF3700810E3D = {
			isa = PBXGroup;
			children = (
				06554A422EA2CF3700810E3D /* IChat */,
				06554A412EA2CF3700810E3D /* Products */,
			);
			sourceTree = "<group>";
		};
		06554A412EA2CF3700810E3D /* Products */ = {
			isa = PBXGroup;
			children = (
				06554A402EA2CF3700810E3D /* IChat.app */,
			);
			name = Products;
			sourceTree = "<group>";
		};
		06554A422EA2CF3700810E3D /* IChat */ = {
			isa = PBXGroup;
			children = (
				06554A432EA2CF3700810E3D /* AppDelegate.swift */,
				06554A452EA2CF3700810E3D /* SceneDelegate.swift */,
				0661EA052EBBC1500031DB61 /* Models */,
				06ED804B2EAD444200434D60 /* Controllers */,
				063FE1C02EA6CF4200CB28D9 /* AuthVC */,
				0661EA002EBBBFF00031DB61 /* Header */,
				0661E9FB2EB92E520031DB61 /* Protocols */,
				063FE1BB2EA6C35100CB28D9 /* Helpers */,
				06554A4C2EA2CF3E00810E3D /* Assets.xcassets */,
				06554A4E2EA2CF3E00810E3D /* LaunchScreen.storyboard */,
				06554A512EA2CF3F00810E3D /* Info.plist */,
				06C6AE6E2F27EEB100A31E8F /* GoogleService-Info.plist */,
			);
			path = IChat;
			sourceTree = "<group>";
		};
		0661E9F42EB5394E0031DB61 /* Cell */ = {
			isa = PBXGroup;
			children = (
				0661E9F22EB539480031DB61 /* ActiveChatCell.swift */,
				0661E9F72EB92C6C0031DB61 /* WaitingChatCell.swift */,
				069D30672EC3AF7E008C4DA2 /* UserCell.swift */,
			);
			path = Cell;
			sourceTree = "<group>";
		};
		0661E9FB2EB92E520031DB61 /* Protocols */ = {
			isa = PBXGroup;
			children = (
				0661E9F92EB92E130031DB61 /* SelfConfigureCell.swift */,
			);
			path = Protocols;
			sourceTree = "<group>";
		};
		0661EA002EBBBFF00031DB61 /* Header */ = {
			isa = PBXGroup;
			children = (
				0661E9FC2EB933430031DB61 /* SectionHeader.swift */,
			);
			path = Header;
			sourceTree = "<group>";
		};
		0661EA052EBBC1500031DB61 /* Models */ = {
			isa = PBXGroup;
			children = (
				0661EA012EBBC1040031DB61 /* MUser.swift */,
				0661EA032EBBC1190031DB61 /* MChat.swift */,
			);
			path = Models;
			sourceTree = "<group>";
		};
		069D306B2EC6439D008C4DA2 /* UIKit */ = {
			isa = PBXGroup;
			children = (
				063FE1B92EA6C34000CB28D9 /* UILabel + Extension.swift */,
				063FE1B72EA6BD5800CB28D9 /* UIColor + Extension.swift */,
				063FE1B32EA6B65D00CB28D9 /* UIButton + Extension.swift */,
				063FE1B52EA6BAB300CB28D9 /* UIFont + Extension.swift */,
				063FE1BC2EA6C5BC00CB28D9 /* UIImageView + extension.swift */,
				063FE1C12EA6E36000CB28D9 /* UIStackView + Extension.swift */,
				063FE1D02EABE90B00CB28D9 /* SegmentedControl + Extension.swift */,
				06ED80542EB1385D00434D60 /* Bundle + Decodable.swift */,
				069D30692EC3B3AA008C4DA2 /* UIViewController + Extension.swift */,
				06C6AE6A2F20008700A31E8F /* UIView + Extensions.swift */,
			);
			path = UIKit;
			sourceTree = "<group>";
		};
		06ED804B2EAD444200434D60 /* Controllers */ = {
			isa = PBXGroup;
			children = (
				0661E9F42EB5394E0031DB61 /* Cell */,
				063FE1D22EAD3EC000CB28D9 /* ListViewController.swift */,
				06ED804C2EAD447400434D60 /* MainTabbarController.swift */,
				06ED804E2EAD44E200434D60 /* PeopleViewController.swift */,
				06C6AE662F1E95F000A31E8F /* ProfileViewController.swift */,
				06C6AE6C2F2158CD00A31E8F /* ChatRequestViewController.swift */,
			);
			path = Controllers;
			sourceTree = "<group>";
		};
/* End PBXGroup section */

/* Begin PBXNativeTarget section */
		06554A3F2EA2CF3700810E3D /* IChat */ = {
			isa = PBXNativeTarget;
			buildConfigurationList = 06554A542EA2CF3F00810E3D /* Build configuration list for PBXNativeTarget "IChat" */;
			buildPhases = (
				06554A3C2EA2CF3700810E3D /* Sources */,
				06554A3D2EA2CF3700810E3D /* Frameworks */,
				06554A3E2EA2CF3700810E3D /* Resources */,
			);
			buildRules = (
			);
			dependencies = (
			);
			name = IChat;
			packageProductDependencies = (
				06C6AE712F27F19800A31E8F /* FirebaseAnalytics */,
				06C6AE732F27F19800A31E8F /* FirebaseAuth */,
			);
			productName = IChat;
			productReference = 06554A402EA2CF3700810E3D /* IChat.app */;
			productType = "com.apple.product-type.application";
		};
/* End PBXNativeTarget section */

/* Begin PBXProject section */
		06554A382EA2CF3700810E3D /* Project object */ = {
			isa = PBXProject;
			attributes = {
				BuildIndependentTargetsInParallel = 1;
				LastSwiftUpdateCheck = 1420;
				LastUpgradeCheck = 1420;
				TargetAttributes = {
					06554A3F2EA2CF3700810E3D = {
						CreatedOnToolsVersion = 14.2;
					};
				};
			};
			buildConfigurationList = 06554A3B2EA2CF3700810E3D /* Build configuration list for PBXProject "IChat" */;
			compatibilityVersion = "Xcode 14.0";
			developmentRegion = en;
			hasScannedForEncodings = 0;
			knownRegions = (
				en,
				Base,
			);
			mainGroup = 06554A372EA2CF3700810E3D;
			packageReferences = (
				06C6AE702F27F19800A31E8F /* XCRemoteSwiftPackageReference "firebase-ios-sdk" */,
			);
			productRefGroup = 06554A412EA2CF3700810E3D /* Products */;
			projectDirPath = "";
			projectRoot = "";
			targets = (
				06554A3F2EA2CF3700810E3D /* IChat */,
			);
		};
/* End PBXProject section */

/* Begin PBXResourcesBuildPhase section */
		06554A3E2EA2CF3700810E3D /* Resources */ = {
			isa = PBXResourcesBuildPhase;
			buildActionMask = 2147483647;
			files = (
				0661E9FF2EBBBF890031DB61 /* users.json in Resources */,
				06554A502EA2CF3E00810E3D /* LaunchScreen.storyboard in Resources */,
				06ED80522EB137F000434D60 /* activeChats.json in Resources */,
				06554A4D2EA2CF3E00810E3D /* Assets.xcassets in Resources */,
				06ED80532EB137F000434D60 /* waitingChats.json in Resources */,
				06C6AE6F2F27EEB200A31E8F /* GoogleService-Info.plist in Resources */,
			);
			runOnlyForDeploymentPostprocessing = 0;
		};
/* End PBXResourcesBuildPhase section */

/* Begin PBXSourcesBuildPhase section */
		06554A3C2EA2CF3700810E3D /* Sources */ = {
			isa = PBXSourcesBuildPhase;
			buildActionMask = 2147483647;
			files = (
				0661EA042EBBC1190031DB61 /* MChat.swift in Sources */,
				063FE1D32EAD3EC000CB28D9 /* ListViewController.swift in Sources */,
				063FE1C72EA8058900CB28D9 /* OneLineTextField.swift in Sources */,
				0661E9FD2EB933430031DB61 /* SectionHeader.swift in Sources */,
				0661E9F62EB91E370031DB61 /* GradientView.swift in Sources */,
				063FE1C42EA8017300CB28D9 /* SignUpViewController.swift in Sources */,
				063FE1B62EA6BAB300CB28D9 /* UIFont + Extension.swift in Sources */,
				0661EA022EBBC1040031DB61 /* MUser.swift in Sources */,
				06C6AE6B2F20008700A31E8F /* UIView + Extensions.swift in Sources */,
				0661E9F32EB539480031DB61 /* ActiveChatCell.swift in Sources */,
				06554A482EA2CF3700810E3D /* AuthViewController.swift in Sources */,
				06C6AE692F1FF98900A31E8F /* InsertableTextField.swift in Sources */,
				06ED804F2EAD44E200434D60 /* PeopleViewController.swift in Sources */,
				063FE1CD2EAAB3C200CB28D9 /* SetupProfileViewController.swift in Sources */,
				06C6AE672F1E95F000A31E8F /* ProfileViewController.swift in Sources */,
				06C6AE6D2F2158CD00A31E8F /* ChatRequestViewController.swift in Sources */,
				06554A442EA2CF3700810E3D /* AppDelegate.swift in Sources */,
				063FE1C22EA6E36100CB28D9 /* UIStackView + Extension.swift in Sources */,
				063FE1CF2EAAC61600CB28D9 /* AddPhotoView.swift in Sources */,
				063FE1BF2EA6CF3C00CB28D9 /* ButtonFormView.swift in Sources */,
				063FE1BA2EA6C34000CB28D9 /* UILabel + Extension.swift in Sources */,
				063FE1D12EABE90C00CB28D9 /* SegmentedControl + Extension.swift in Sources */,
				063FE1BD2EA6C5BC00CB28D9 /* UIImageView + extension.swift in Sources */,
				063FE1B82EA6BD5800CB28D9 /* UIColor + Extension.swift in Sources */,
				069D30682EC3AF7E008C4DA2 /* UserCell.swift in Sources */,
				069D306A2EC3B3AA008C4DA2 /* UIViewController + Extension.swift in Sources */,
				0661E9F82EB92C6C0031DB61 /* WaitingChatCell.swift in Sources */,
				06ED804D2EAD447400434D60 /* MainTabbarController.swift in Sources */,
				06554A462EA2CF3700810E3D /* SceneDelegate.swift in Sources */,
				063FE1CB2EAAAC6C00CB28D9 /* LoginViewController.swift in Sources */,
				063FE1B42EA6B65D00CB28D9 /* UIButton + Extension.swift in Sources */,
				0661E9FA2EB92E130031DB61 /* SelfConfigureCell.swift in Sources */,
				06ED80552EB1385D00434D60 /* Bundle + Decodable.swift in Sources */,
			);
			runOnlyForDeploymentPostprocessing = 0;
		};
/* End PBXSourcesBuildPhase section */

/* Begin PBXVariantGroup section */
		06554A4E2EA2CF3E00810E3D /* LaunchScreen.storyboard */ = {
			isa = PBXVariantGroup;
			children = (
				06554A4F2EA2CF3E00810E3D /* Base */,
			);
			name = LaunchScreen.storyboard;
			sourceTree = "<group>";
		};
/* End PBXVariantGroup section */

/* Begin XCBuildConfiguration section */
		06554A522EA2CF3F00810E3D /* Debug */ = {
			isa = XCBuildConfiguration;
			buildSettings = {
				ALWAYS_SEARCH_USER_PATHS = NO;
				CLANG_ANALYZER_NONNULL = YES;
				CLANG_ANALYZER_NUMBER_OBJECT_CONVERSION = YES_AGGRESSIVE;
				CLANG_CXX_LANGUAGE_STANDARD = "gnu++20";
				CLANG_ENABLE_MODULES = YES;
				CLANG_ENABLE_OBJC_ARC = YES;
				CLANG_ENABLE_OBJC_WEAK = YES;
				CLANG_WARN_BLOCK_CAPTURE_AUTORELEASING = YES;
				CLANG_WARN_BOOL_CONVERSION = YES;
				CLANG_WARN_COMMA = YES;
				CLANG_WARN_CONSTANT_CONVERSION = YES;
				CLANG_WARN_DEPRECATED_OBJC_IMPLEMENTATIONS = YES;
				CLANG_WARN_DIRECT_OBJC_ISA_USAGE = YES_ERROR;
				CLANG_WARN_DOCUMENTATION_COMMENTS = YES;
				CLANG_WARN_EMPTY_BODY = YES;
				CLANG_WARN_ENUM_CONVERSION = YES;
				CLANG_WARN_INFINITE_RECURSION = YES;
				CLANG_WARN_INT_CONVERSION = YES;
				CLANG_WARN_NON_LITERAL_NULL_CONVERSION = YES;
				CLANG_WARN_OBJC_IMPLICIT_RETAIN_SELF = YES;
				CLANG_WARN_OBJC_LITERAL_CONVERSION = YES;
				CLANG_WARN_OBJC_ROOT_CLASS = YES_ERROR;
				CLANG_WARN_QUOTED_INCLUDE_IN_FRAMEWORK_HEADER = YES;
				CLANG_WARN_RANGE_LOOP_ANALYSIS = YES;
				CLANG_WARN_STRICT_PROTOTYPES = YES;
				CLANG_WARN_SUSPICIOUS_MOVE = YES;
				CLANG_WARN_UNGUARDED_AVAILABILITY = YES_AGGRESSIVE;
				CLANG_WARN_UNREACHABLE_CODE = YES;
				CLANG_WARN__DUPLICATE_METHOD_MATCH = YES;
				COPY_PHASE_STRIP = NO;
				DEBUG_INFORMATION_FORMAT = dwarf;
				ENABLE_STRICT_OBJC_MSGSEND = YES;
				ENABLE_TESTABILITY = YES;
				GCC_C_LANGUAGE_STANDARD = gnu11;
				GCC_DYNAMIC_NO_PIC = NO;
				GCC_NO_COMMON_BLOCKS = YES;
				GCC_OPTIMIZATION_LEVEL = 0;
				GCC_PREPROCESSOR_DEFINITIONS = (
					"DEBUG=1",
					"$(inherited)",
				);
				GCC_WARN_64_TO_32_BIT_CONVERSION = YES;
				GCC_WARN_ABOUT_RETURN_TYPE = YES_ERROR;
				GCC_WARN_UNDECLARED_SELECTOR = YES;
				GCC_WARN_UNINITIALIZED_AUTOS = YES_AGGRESSIVE;
				GCC_WARN_UNUSED_FUNCTION = YES;
				GCC_WARN_UNUSED_VARIABLE = YES;
				IPHONEOS_DEPLOYMENT_TARGET = 16.2;
				MTL_ENABLE_DEBUG_INFO = INCLUDE_SOURCE;
				MTL_FAST_MATH = YES;
				ONLY_ACTIVE_ARCH = YES;
				SDKROOT = iphoneos;
				SWIFT_ACTIVE_COMPILATION_CONDITIONS = DEBUG;
				SWIFT_OPTIMIZATION_LEVEL = "-Onone";
			};
			name = Debug;
		};
		06554A532EA2CF3F00810E3D /* Release */ = {
			isa = XCBuildConfiguration;
			buildSettings = {
				ALWAYS_SEARCH_USER_PATHS = NO;
				CLANG_ANALYZER_NONNULL = YES;
				CLANG_ANALYZER_NUMBER_OBJECT_CONVERSION = YES_AGGRESSIVE;
				CLANG_CXX_LANGUAGE_STANDARD = "gnu++20";
				CLANG_ENABLE_MODULES = YES;
				CLANG_ENABLE_OBJC_ARC = YES;
				CLANG_ENABLE_OBJC_WEAK = YES;
				CLANG_WARN_BLOCK_CAPTURE_AUTORELEASING = YES;
				CLANG_WARN_BOOL_CONVERSION = YES;
				CLANG_WARN_COMMA = YES;
				CLANG_WARN_CONSTANT_CONVERSION = YES;
				CLANG_WARN_DEPRECATED_OBJC_IMPLEMENTATIONS = YES;
				CLANG_WARN_DIRECT_OBJC_ISA_USAGE = YES_ERROR;
				CLANG_WARN_DOCUMENTATION_COMMENTS = YES;
				CLANG_WARN_EMPTY_BODY = YES;
				CLANG_WARN_ENUM_CONVERSION = YES;
				CLANG_WARN_INFINITE_RECURSION = YES;
				CLANG_WARN_INT_CONVERSION = YES;
				CLANG_WARN_NON_LITERAL_NULL_CONVERSION = YES;
				CLANG_WARN_OBJC_IMPLICIT_RETAIN_SELF = YES;
				CLANG_WARN_OBJC_LITERAL_CONVERSION = YES;
				CLANG_WARN_OBJC_ROOT_CLASS = YES_ERROR;
				CLANG_WARN_QUOTED_INCLUDE_IN_FRAMEWORK_HEADER = YES;
				CLANG_WARN_RANGE_LOOP_ANALYSIS = YES;
				CLANG_WARN_STRICT_PROTOTYPES = YES;
				CLANG_WARN_SUSPICIOUS_MOVE = YES;
				CLANG_WARN_UNGUARDED_AVAILABILITY = YES_AGGRESSIVE;
				CLANG_WARN_UNREACHABLE_CODE = YES;
				CLANG_WARN__DUPLICATE_METHOD_MATCH = YES;
				COPY_PHASE_STRIP = NO;
				DEBUG_INFORMATION_FORMAT = "dwarf-with-dsym";
				ENABLE_NS_ASSERTIONS = NO;
				ENABLE_STRICT_OBJC_MSGSEND = YES;
				GCC_C_LANGUAGE_STANDARD = gnu11;
				GCC_NO_COMMON_BLOCKS = YES;
				GCC_WARN_64_TO_32_BIT_CONVERSION = YES;
				GCC_WARN_ABOUT_RETURN_TYPE = YES_ERROR;
				GCC_WARN_UNDECLARED_SELECTOR = YES;
				GCC_WARN_UNINITIALIZED_AUTOS = YES_AGGRESSIVE;
				GCC_WARN_UNUSED_FUNCTION = YES;
				GCC_WARN_UNUSED_VARIABLE = YES;
				IPHONEOS_DEPLOYMENT_TARGET = 16.2;
				MTL_ENABLE_DEBUG_INFO = NO;
				MTL_FAST_MATH = YES;
				SDKROOT = iphoneos;
				SWIFT_COMPILATION_MODE = wholemodule;
				SWIFT_OPTIMIZATION_LEVEL = "-O";
				VALIDATE_PRODUCT = YES;
			};
			name = Release;
		};
		06554A552EA2CF3F00810E3D /* Debug */ = {
			isa = XCBuildConfiguration;
			buildSettings = {
				ASSETCATALOG_COMPILER_APPICON_NAME = AppIcon;
				ASSETCATALOG_COMPILER_GLOBAL_ACCENT_COLOR_NAME = AccentColor;
				CODE_SIGN_STYLE = Automatic;
				CURRENT_PROJECT_VERSION = 1;
				DEVELOPMENT_TEAM = 63L77N65GL;
				GENERATE_INFOPLIST_FILE = YES;
				INFOPLIST_FILE = IChat/Info.plist;
				INFOPLIST_KEY_UIApplicationSupportsIndirectInputEvents = YES;
				INFOPLIST_KEY_UILaunchStoryboardName = LaunchScreen;
				INFOPLIST_KEY_UISupportedInterfaceOrientations = UIInterfaceOrientationPortrait;
				INFOPLIST_KEY_UISupportedInterfaceOrientations_iPad = "UIInterfaceOrientationLandscapeLeft UIInterfaceOrientationLandscapeRight UIInterfaceOrientationPortrait UIInterfaceOrientationPortraitUpsideDown";
				LD_RUNPATH_SEARCH_PATHS = (
					"$(inherited)",
					"@executable_path/Frameworks",
				);
				MARKETING_VERSION = 1.0;
				PRODUCT_BUNDLE_IDENTIFIER = ru.konstantin.vetro.IChat;
				PRODUCT_NAME = "$(TARGET_NAME)";
				SUPPORTED_PLATFORMS = "iphoneos iphonesimulator";
				SUPPORTS_MACCATALYST = NO;
				SUPPORTS_MAC_DESIGNED_FOR_IPHONE_IPAD = NO;
				SWIFT_EMIT_LOC_STRINGS = YES;
				SWIFT_VERSION = 5.0;
				TARGETED_DEVICE_FAMILY = 1;
			};
			name = Debug;
		};
		06554A562EA2CF3F00810E3D /* Release */ = {
			isa = XCBuildConfiguration;
			buildSettings = {
				ASSETCATALOG_COMPILER_APPICON_NAME = AppIcon;
				ASSETCATALOG_COMPILER_GLOBAL_ACCENT_COLOR_NAME = AccentColor;
				CODE_SIGN_STYLE = Automatic;
				CURRENT_PROJECT_VERSION = 1;
				DEVELOPMENT_TEAM = 63L77N65GL;
				GENERATE_INFOPLIST_FILE = YES;
				INFOPLIST_FILE = IChat/Info.plist;
				INFOPLIST_KEY_UIApplicationSupportsIndirectInputEvents = YES;
				INFOPLIST_KEY_UILaunchStoryboardName = LaunchScreen;
				INFOPLIST_KEY_UISupportedInterfaceOrientations = UIInterfaceOrientationPortrait;
				INFOPLIST_KEY_UISupportedInterfaceOrientations_iPad = "UIInterfaceOrientationLandscapeLeft UIInterfaceOrientationLandscapeRight UIInterfaceOrientationPortrait UIInterfaceOrientationPortraitUpsideDown";
				LD_RUNPATH_SEARCH_PATHS = (
					"$(inherited)",
					"@executable_path/Frameworks",
				);
				MARKETING_VERSION = 1.0;
				PRODUCT_BUNDLE_IDENTIFIER = ru.konstantin.vetro.IChat;
				PRODUCT_NAME = "$(TARGET_NAME)";
				SUPPORTED_PLATFORMS = "iphoneos iphonesimulator";
				SUPPORTS_MACCATALYST = NO;
				SUPPORTS_MAC_DESIGNED_FOR_IPHONE_IPAD = NO;
				SWIFT_EMIT_LOC_STRINGS = YES;
				SWIFT_VERSION = 5.0;
				TARGETED_DEVICE_FAMILY = 1;
			};
			name = Release;
		};
/* End XCBuildConfiguration section */

/* Begin XCConfigurationList section */
		06554A3B2EA2CF3700810E3D /* Build configuration list for PBXProject "IChat" */ = {
			isa = XCConfigurationList;
			buildConfigurations = (
				06554A522EA2CF3F00810E3D /* Debug */,
				06554A532EA2CF3F00810E3D /* Release */,
			);
			defaultConfigurationIsVisible = 0;
			defaultConfigurationName = Release;
		};
		06554A542EA2CF3F00810E3D /* Build configuration list for PBXNativeTarget "IChat" */ = {
			isa = XCConfigurationList;
			buildConfigurations = (
				06554A552EA2CF3F00810E3D /* Debug */,
				06554A562EA2CF3F00810E3D /* Release */,
			);
			defaultConfigurationIsVisible = 0;
			defaultConfigurationName = Release;
		};
/* End XCConfigurationList section */

/* Begin XCRemoteSwiftPackageReference section */
		06C6AE702F27F19800A31E8F /* XCRemoteSwiftPackageReference "firebase-ios-sdk" */ = {
			isa = XCRemoteSwiftPackageReference;
			repositoryURL = "https://github.com/firebase/firebase-ios-sdk";
			requirement = {
				kind = upToNextMajorVersion;
				minimumVersion = 9.0.0;
			};
		};
/* End XCRemoteSwiftPackageReference section */

/* Begin XCSwiftPackageProductDependency section */
		06C6AE712F27F19800A31E8F /* FirebaseAnalytics */ = {
			isa = XCSwiftPackageProductDependency;
			package = 06C6AE702F27F19800A31E8F /* XCRemoteSwiftPackageReference "firebase-ios-sdk" */;
			productName = FirebaseAnalytics;
		};
		06C6AE732F27F19800A31E8F /* FirebaseAuth */ = {
			isa = XCSwiftPackageProductDependency;
			package = 06C6AE702F27F19800A31E8F /* XCRemoteSwiftPackageReference "firebase-ios-sdk" */;
			productName = FirebaseAuth;
		};
/* End XCSwiftPackageProductDependency section */
	};
	rootObject = 06554A382EA2CF3700810E3D /* Project object */;
}
